// !$*UTF8*$!
{
	archiveVersion = 1;
	classes = {
	};
	objectVersion = 46;
	objects = {

/* Begin PBXBuildFile section */
		648E86191DDE2EDA004124CF /* AppDelegate.swift in Sources */ = {isa = PBXBuildFile; fileRef = 648E86181DDE2EDA004124CF /* AppDelegate.swift */; };
		648E861B1DDE2EDA004124CF /* ViewController.swift in Sources */ = {isa = PBXBuildFile; fileRef = 648E861A1DDE2EDA004124CF /* ViewController.swift */; };
		648E861E1DDE2EDA004124CF /* Main.storyboard in Resources */ = {isa = PBXBuildFile; fileRef = 648E861C1DDE2EDA004124CF /* Main.storyboard */; };
		648E86201DDE2EDA004124CF /* Assets.xcassets in Resources */ = {isa = PBXBuildFile; fileRef = 648E861F1DDE2EDA004124CF /* Assets.xcassets */; };
		648E86231DDE2EDA004124CF /* LaunchScreen.storyboard in Resources */ = {isa = PBXBuildFile; fileRef = 648E86211DDE2EDA004124CF /* LaunchScreen.storyboard */; };
/* End PBXBuildFile section */

/* Begin PBXFileReference section */
		648E86151DDE2EDA004124CF /* table_views.app */ = {isa = PBXFileReference; explicitFileType = wrapper.application; includeInIndex = 0; path = table_views.app; sourceTree = BUILT_PRODUCTS_DIR; };
		648E86181DDE2EDA004124CF /* AppDelegate.swift */ = {isa = PBXFileReference; lastKnownFileType = sourcecode.swift; path = AppDelegate.swift; sourceTree = "<group>"; };
		648E861A1DDE2EDA004124CF /* ViewController.swift */ = {isa = PBXFileReference; lastKnownFileType = sourcecode.swift; path = ViewController.swift; sourceTree = "<group>"; };
		648E861D1DDE2EDA004124CF /* Base */ = {isa = PBXFileReference; lastKnownFileType = file.storyboard; name = Base; path = Base.lproj/Main.storyboard; sourceTree = "<group>"; };
		648E861F1DDE2EDA004124CF /* Assets.xcassets */ = {isa = PBXFileReference; lastKnownFileType = folder.assetcatalog; path = Assets.xcassets; sourceTree = "<group>"; };
		648E86221DDE2EDA004124CF /* Base */ = {isa = PBXFileReference; lastKnownFileType = file.storyboard; name = Base; path = Base.lproj/LaunchScreen.storyboard; sourceTree = "<group>"; };
		648E86241DDE2EDA004124CF /* Info.plist */ = {isa = PBXFileReference; lastKnownFileType = text.plist.xml; path = Info.plist; sourceTree = "<group>"; };
/* End PBXFileReference section */

/* Begin PBXFrameworksBuildPhase section */
		648E86121DDE2EDA004124CF /* Frameworks */ = {
			isa = PBXFrameworksBuildPhase;
			buildActionMask = 2147483647;
			files = (
			);
			runOnlyForDeploymentPostprocessing = 0;
		};
/* End PBXFrameworksBuildPhase section */

/* Begin PBXGroup section */
		648E860C1DDE2EDA004124CF = {
			isa = PBXGroup;
			children = (
				648E86171DDE2EDA004124CF /* table_views */,
				648E86161DDE2EDA004124CF /* Products */,
			);
			sourceTree = "<group>";
		};
		648E86161DDE2EDA004124CF /* Products */ = {
			isa = PBXGroup;
			children = (
				648E86151DDE2EDA004124CF /* table_views.app */,
			);
			name = Products;
			sourceTree = "<group>";
		};
		648E86171DDE2EDA004124CF /* table_views */ = {
			isa = PBXGroup;
			children = (
				648E86181DDE2EDA004124CF /* AppDelegate.swift */,
				648E861A1DDE2EDA004124CF /* ViewController.swift */,
				648E861C1DDE2EDA004124CF /* Main.storyboard */,
				648E861F1DDE2EDA004124CF /* Assets.xcassets */,
				648E86211DDE2EDA004124CF /* LaunchScreen.storyboard */,
				648E86241DDE2EDA004124CF /* Info.plist */,
			);
			path = table_views;
			sourceTree = "<group>";
		};
/* End PBXGroup section */

/* Begin PBXNativeTarget section */
		648E86141DDE2EDA004124CF /* table_views */ = {
			isa = PBXNativeTarget;
			buildConfigurationList = 648E86271DDE2EDA004124CF /* Build configuration list for PBXNativeTarget "table_views" */;
			buildPhases = (
				648E86111DDE2EDA004124CF /* Sources */,
				648E86121DDE2EDA004124CF /* Frameworks */,
				648E86131DDE2EDA004124CF /* Resources */,
			);
			buildRules = (
			);
			dependencies = (
			);
			name = table_views;
			productName = table_views;
			productReference = 648E86151DDE2EDA004124CF /* table_views.app */;
			productType = "com.apple.product-type.application";
		};
/* End PBXNativeTarget section */

/* Begin PBXProject section */
		648E860D1DDE2EDA004124CF /* Project object */ = {
			isa = PBXProject;
			attributes = {
				LastSwiftUpdateCheck = 0810;
				LastUpgradeCheck = 0810;
				ORGANIZATIONNAME = Startbluesoft;
				TargetAttributes = {
					648E86141DDE2EDA004124CF = {
						CreatedOnToolsVersion = 8.1;
						ProvisioningStyle = Automatic;
					};
				};
			};
			buildConfigurationList = 648E86101DDE2EDA004124CF /* Build configuration list for PBXProject "table_views" */;
			compatibilityVersion = "Xcode 3.2";
			developmentRegion = English;
			hasScannedForEncodings = 0;
			knownRegions = (
				en,
				Base,
			);
			mainGroup = 648E860C1DDE2EDA004124CF;
			productRefGroup = 648E86161DDE2EDA004124CF /* Products */;
			projectDirPath = "";
			projectRoot = "";
			targets = (
				648E86141DDE2EDA004124CF /* table_views */,
			);
		};
/* End PBXProject section */

/* Begin PBXResourcesBuildPhase section */
		648E86131DDE2EDA004124CF /* Resources */ = {
			isa = PBXResourcesBuildPhase;
			buildActionMask = 2147483647;
			files = (
				648E86231DDE2EDA004124CF /* LaunchScreen.storyboard in Resources */,
				648E86201DDE2EDA004124CF /* Assets.xcassets in Resources */,
				648E861E1DDE2EDA004124CF /* Main.storyboard in Resources */,
			);
			runOnlyForDeploymentPostprocessing = 0;
		};
/* End PBXResourcesBuildPhase section */

/* Begin PBXSourcesBuildPhase section */
		648E86111DDE2EDA004124CF /* Sources */ = {
			isa = PBXSourcesBuildPhase;
			buildActionMask = 2147483647;
			files = (
				648E861B1DDE2EDA004124CF /* ViewController.swift in Sources */,
				648E86191DDE2EDA004124CF /* AppDelegate.swift in Sources */,
			);
			runOnlyForDeploymentPostprocessing = 0;
		};
/* End PBXSourcesBuildPhase section */

/* Begin PBXVariantGroup section */
		648E861C1DDE2EDA004124CF /* Main.storyboard */ = {
			isa = PBXVariantGroup;
			children = (
				648E861D1DDE2EDA004124CF /* Base */,
			);
			name = Main.storyboard;
			sourceTree = "<group>";
		};
		648E86211DDE2EDA004124CF /* LaunchScreen.storyboard */ = {
			isa = PBXVariantGroup;
			children = (
				648E86221DDE2EDA004124CF /* Base */,
			);
			name = LaunchScreen.storyboard;
			sourceTree = "<group>";
		};
/* End PBXVariantGroup section */

/* Begin XCBuildConfiguration section */
		648E86251DDE2EDA004124CF /* Debug */ = {
			isa = XCBuildConfiguration;
			buildSettings = {
				ALWAYS_SEARCH_USER_PATHS = NO;
				CLANG_ANALYZER_NONNULL = YES;
				CLANG_CXX_LANGUAGE_STANDARD = "gnu++0x";
				CLANG_CXX_LIBRARY = "libc++";
				CLANG_ENABLE_MODULES = YES;
				CLANG_ENABLE_OBJC_ARC = YES;
				CLANG_WARN_BOOL_CONVERSION = YES;
				CLANG_WARN_CONSTANT_CONVERSION = YES;
				CLANG_WARN_DIRECT_OBJC_ISA_USAGE = YES_ERROR;
				CLANG_WARN_DOCUMENTATION_COMMENTS = YES;
				CLANG_WARN_EMPTY_BODY = YES;
				CLANG_WARN_ENUM_CONVERSION = YES;
				CLANG_WARN_INFINITE_RECURSION = YES;
				CLANG_WARN_INT_CONVERSION = YES;
				CLANG_WARN_OBJC_ROOT_CLASS = YES_ERROR;
				CLANG_WARN_SUSPICIOUS_MOVES = YES;
				CLANG_WARN_UNREACHABLE_CODE = YES;
				CLANG_WARN__DUPLICATE_METHOD_MATCH = YES;
				"CODE_SIGN_IDENTITY[sdk=iphoneos*]" = "iPhone Developer";
				COPY_PHASE_STRIP = NO;
				DEBUG_INFORMATION_FORMAT = dwarf;
				ENABLE_STRICT_OBJC_MSGSEND = YES;
				ENABLE_TESTABILITY = YES;
				GCC_C_LANGUAGE_STANDARD = gnu99;
				GCC_DYNAMIC_NO_PIC = NO;
				GCC_NO_COMMON_BLOCKS = YES;
				GCC_OPTIMIZATION_LEVEL = 0;
				GCC_PREPROCESSOR_DEFINITIONS = (
					"DEBUG=1",
					"$(inherited)",
				);
				GCC_WARN_64_TO_32_BIT_CONVERSION = YES;
				GCC_WARN_ABOUT_RETURN_TYPE = YES_ERROR;
				GCC_WARN_UNDECLARED_SELECTOR = YES;
				GCC_WARN_UNINITIALIZED_AUTOS = YES_AGGRESSIVE;
				GCC_WARN_UNUSED_FUNCTION = YES;
				GCC_WARN_UNUSED_VARIABLE = YES;
				IPHONEOS_DEPLOYMENT_TARGET = 10.1;
				MTL_ENABLE_DEBUG_INFO = YES;
				ONLY_ACTIVE_ARCH = YES;
				SDKROOT = iphoneos;
				SWIFT_ACTIVE_COMPILATION_CONDITIONS = DEBUG;
				SWIFT_OPTIMIZATION_LEVEL = "-Onone";
				TARGETED_DEVICE_FAMILY = "1,2";
			};
			name = Debug;
		};
		648E86261DDE2EDA004124CF /* Release */ = {
			isa = XCBuildConfiguration;
			buildSettings = {
				ALWAYS_SEARCH_USER_PATHS = NO;
				CLANG_ANALYZER_NONNULL = YES;
				CLANG_CXX_LANGUAGE_STANDARD = "gnu++0x";
				CLANG_CXX_LIBRARY = "libc++";
				CLANG_ENABLE_MODULES = YES;
				CLANG_ENABLE_OBJC_ARC = YES;
				CLANG_WARN_BOOL_CONVERSION = YES;
				CLANG_WARN_CONSTANT_CONVERSION = YES;
				CLANG_WARN_DIRECT_OBJC_ISA_USAGE = YES_ERROR;
				CLANG_WARN_DOCUMENTATION_COMMENTS = YES;
				CLANG_WARN_EMPTY_BODY = YES;
				CLANG_WARN_ENUM_CONVERSION = YES;
				CLANG_WARN_INFINITE_RECURSION = YES;
				CLANG_WARN_INT_CONVERSION = YES;
				CLANG_WARN_OBJC_ROOT_CLASS = YES_ERROR;
				CLANG_WARN_SUSPICIOUS_MOVES = YES;
				CLANG_WARN_UNREACHABLE_CODE = YES;
				CLANG_WARN__DUPLICATE_METHOD_MATCH = YES;
				"CODE_SIGN_IDENTITY[sdk=iphoneos*]" = "iPhone Developer";
				COPY_PHASE_STRIP = NO;
				DEBUG_INFORMATION_FORMAT = "dwarf-with-dsym";
				ENABLE_NS_ASSERTIONS = NO;
				ENABLE_STRICT_OBJC_MSGSEND = YES;
				GCC_C_LANGUAGE_STANDARD = gnu99;
				GCC_NO_COMMON_BLOCKS = YES;
				GCC_WARN_64_TO_32_BIT_CONVERSION = YES;
				GCC_WARN_ABOUT_RETURN_TYPE = YES_ERROR;
				GCC_WARN_UNDECLARED_SELECTOR = YES;
				GCC_WARN_UNINITIALIZED_AUTOS = YES_AGGRESSIVE;
				GCC_WARN_UNUSED_FUNCTION = YES;
				GCC_WARN_UNUSED_VARIABLE = YES;
				IPHONEOS_DEPLOYMENT_TARGET = 10.1;
				MTL_ENABLE_DEBUG_INFO = NO;
				SDKROOT = iphoneos;
				SWIFT_OPTIMIZATION_LEVEL = "-Owholemodule";
				TARGETED_DEVICE_FAMILY = "1,2";
				VALIDATE_PRODUCT = YES;
			};
			name = Release;
		};
		648E86281DDE2EDA004124CF /* Debug */ = {
			isa = XCBuildConfiguration;
			buildSettings = {
				ASSETCATALOG_COMPILER_APPICON_NAME = AppIcon;
				INFOPLIST_FILE = table_views/Info.plist;
				LD_RUNPATH_SEARCH_PATHS = "$(inherited) @executable_path/Frameworks";
				PRODUCT_BUNDLE_IDENTIFIER = "com.startbluesoft.table-views";
				PRODUCT_NAME = "$(TARGET_NAME)";
				SWIFT_VERSION = 3.0;
			};
			name = Debug;
		};
		648E86291DDE2EDA004124CF /* Release */ = {
			isa = XCBuildConfiguration;
			buildSettings = {
				ASSETCATALOG_COMPILER_APPICON_NAME = AppIcon;
				INFOPLIST_FILE = table_views/Info.plist;
				LD_RUNPATH_SEARCH_PATHS = "$(inherited) @executable_path/Frameworks";
				PRODUCT_BUNDLE_IDENTIFIER = "com.startbluesoft.table-views";
				PRODUCT_NAME = "$(TARGET_NAME)";
				SWIFT_VERSION = 3.0;
			};
			name = Release;
		};
/* End XCBuildConfiguration section */

/* Begin XCConfigurationList section */
		648E86101DDE2EDA004124CF /* Build configuration list for PBXProject "table_views" */ = {
			isa = XCConfigurationList;
			buildConfigurations = (
				648E86251DDE2EDA004124CF /* Debug */,
				648E86261DDE2EDA004124CF /* Release */,
			);
			defaultConfigurationIsVisible = 0;
			defaultConfigurationName = Release;
		};
		648E86271DDE2EDA004124CF /* Build configuration list for PBXNativeTarget "table_views" */ = {
			isa = XCConfigurationList;
			buildConfigurations = (
				648E86281DDE2EDA004124CF /* Debug */,
				648E86291DDE2EDA004124CF /* Release */,
			);
			defaultConfigurationIsVisible = 0;
		};
/* End XCConfigurationList section */
	};
	rootObject = 648E860D1DDE2EDA004124CF /* Project object */;
}
